
Microsoft Visual Studio Solution File, Format Version 12.00
# Visual Studio 15
VisualStudioVersion = 15.0.27703.2026
MinimumVisualStudioVersion = 10.0.40219.1
Project("{FAE04EC0-301F-11D3-BF4B-00C04F79EFBC}") = "SamuraiApp.Domain", "SamuraiApp.Domain\SamuraiApp.Domain.csproj", "{F8A9F376-419B-4A90-B5F2-3E04637D36DD}"
EndProject
Project("{FAE04EC0-301F-11D3-BF4B-00C04F79EFBC}") = "SamuraiApp.Data", "SamuraiApp.Data\SamuraiApp.Data.csproj", "{F44B9F5B-3F6A-42EB-B74F-C5EC4448AE4D}"
EndProject
Project("{2150E333-8FDC-42A3-9474-1A3956D46DE8}") = "Tests", "Tests", "{655E8FB8-DAF3-4898-BA46-8FAE1E328F00}"
EndProject
Project("{FAE04EC0-301F-11D3-BF4B-00C04F79EFBC}") = "SomeGUI", "SomeGUI\SomeGUI.csproj", "{A4963A49-CED4-4248-8725-159E7FC1F26A}"
EndProject
Project("{FAE04EC0-301F-11D3-BF4B-00C04F79EFBC}") = "SomeCLI", "SomeCLI\SomeCLI.csproj", "{AF42C855-F1A7-4CC2-882F-F324C9C0DE7E}"
EndProject
Project("{FAE04EC0-301F-11D3-BF4B-00C04F79EFBC}") = "SamuraiApp.Tests", "SamuraiApp.Tests\SamuraiApp.Tests.csproj", "{8A73E4A9-A652-4BC2-97B1-1DB2501234E6}"
EndProject
Project("{FAE04EC0-301F-11D3-BF4B-00C04F79EFBC}") = "SamuraiApp.Data.DiagramGenerator", "SamuraiApp.Data.DiagramGenerator\SamuraiApp.Data.DiagramGenerator.csproj", "{EF2FAF8E-DA4B-4212-B124-3B7CF138EB62}"
EndProject
Global
	GlobalSection(SolutionConfigurationPlatforms) = preSolution
		Debug|Any CPU = Debug|Any CPU
		Release|Any CPU = Release|Any CPU
	EndGlobalSection
	GlobalSection(ProjectConfigurationPlatforms) = postSolution
		{F8A9F376-419B-4A90-B5F2-3E04637D36DD}.Debug|Any CPU.ActiveCfg = Debug|Any CPU
		{F8A9F376-419B-4A90-B5F2-3E04637D36DD}.Debug|Any CPU.Build.0 = Debug|Any CPU
		{F8A9F376-419B-4A90-B5F2-3E04637D36DD}.Release|Any CPU.ActiveCfg = Release|Any CPU
		{F8A9F376-419B-4A90-B5F2-3E04637D36DD}.Release|Any CPU.Build.0 = Release|Any CPU
		{F44B9F5B-3F6A-42EB-B74F-C5EC4448AE4D}.Debug|Any CPU.ActiveCfg = Debug|Any CPU
		{F44B9F5B-3F6A-42EB-B74F-C5EC4448AE4D}.Debug|Any CPU.Build.0 = Debug|Any CPU
		{F44B9F5B-3F6A-42EB-B74F-C5EC4448AE4D}.Release|Any CPU.ActiveCfg = Release|Any CPU
		{F44B9F5B-3F6A-42EB-B74F-C5EC4448AE4D}.Release|Any CPU.Build.0 = Release|Any CPU
		{A4963A49-CED4-4248-8725-159E7FC1F26A}.Debug|Any CPU.ActiveCfg = Debug|Any CPU
		{A4963A49-CED4-4248-8725-159E7FC1F26A}.Debug|Any CPU.Build.0 = Debug|Any CPU
		{A4963A49-CED4-4248-8725-159E7FC1F26A}.Release|Any CPU.ActiveCfg = Release|Any CPU
		{A4963A49-CED4-4248-8725-159E7FC1F26A}.Release|Any CPU.Build.0 = Release|Any CPU
		{AF42C855-F1A7-4CC2-882F-F324C9C0DE7E}.Debug|Any CPU.ActiveCfg = Debug|Any CPU
		{AF42C855-F1A7-4CC2-882F-F324C9C0DE7E}.Debug|Any CPU.Build.0 = Debug|Any CPU
		{AF42C855-F1A7-4CC2-882F-F324C9C0DE7E}.Release|Any CPU.ActiveCfg = Release|Any CPU
		{AF42C855-F1A7-4CC2-882F-F324C9C0DE7E}.Release|Any CPU.Build.0 = Release|Any CPU
		{8A73E4A9-A652-4BC2-97B1-1DB2501234E6}.Debug|Any CPU.ActiveCfg = Debug|Any CPU
		{8A73E4A9-A652-4BC2-97B1-1DB2501234E6}.Debug|Any CPU.Build.0 = Debug|Any CPU
		{8A73E4A9-A652-4BC2-97B1-1DB2501234E6}.Release|Any CPU.ActiveCfg = Release|Any CPU
		{8A73E4A9-A652-4BC2-97B1-1DB2501234E6}.Release|Any CPU.Build.0 = Release|Any CPU
		{EF2FAF8E-DA4B-4212-B124-3B7CF138EB62}.Debug|Any CPU.ActiveCfg = Debug|Any CPU
		{EF2FAF8E-DA4B-4212-B124-3B7CF138EB62}.Debug|Any CPU.Build.0 = Debug|Any CPU
		{EF2FAF8E-DA4B-4212-B124-3B7CF138EB62}.Release|Any CPU.ActiveCfg = Release|Any CPU
		{EF2FAF8E-DA4B-4212-B124-3B7CF138EB62}.Release|Any CPU.Build.0 = Release|Any CPU
	EndGlobalSection
	GlobalSection(SolutionProperties) = preSolution
		HideSolutionNode = FALSE
	EndGlobalSection
	GlobalSection(NestedProjects) = preSolution
		{8A73E4A9-A652-4BC2-97B1-1DB2501234E6} = {655E8FB8-DAF3-4898-BA46-8FAE1E328F00}
	EndGlobalSection
	GlobalSection(ExtensibilityGlobals) = postSolution
		SolutionGuid = {BC745D98-4ED9-4DD3-85A5-A25113D4879D}
	EndGlobalSection
EndGlobal
