
Microsoft Visual Studio Solution File, Format Version 12.00
# Visual Studio 15
VisualStudioVersion = 15.0.27703.2026
MinimumVisualStudioVersion = 10.0.40219.1
Project("{FAE04EC0-301F-11D3-BF4B-00C04F79EFBC}") = "SamuraiModel", "SamuraiModel\SamuraiModel.csproj", "{5954080A-85B7-4EF5-96F5-419D2ADC8B4F}"
EndProject
Global
	GlobalSection(SolutionConfigurationPlatforms) = preSolution
		Debug|Any CPU = Debug|Any CPU
		Release|Any CPU = Release|Any CPU
	EndGlobalSection
	GlobalSection(ProjectConfigurationPlatforms) = postSolution
		{5954080A-85B7-4EF5-96F5-419D2ADC8B4F}.Debug|Any CPU.ActiveCfg = Debug|Any CPU
		{5954080A-85B7-4EF5-96F5-419D2ADC8B4F}.Debug|Any CPU.Build.0 = Debug|Any CPU
		{5954080A-85B7-4EF5-96F5-419D2ADC8B4F}.Release|Any CPU.ActiveCfg = Release|Any CPU
		{5954080A-85B7-4EF5-96F5-419D2ADC8B4F}.Release|Any CPU.Build.0 = Release|Any CPU
	EndGlobalSection
	GlobalSection(SolutionProperties) = preSolution
		HideSolutionNode = FALSE
	EndGlobalSection
	GlobalSection(ExtensibilityGlobals) = postSolution
		SolutionGuid = {FC8674CB-F68B-4E95-AAA0-2D6FEB79CA44}
	EndGlobalSection
EndGlobal
